// !$*UTF8*$!
{
	archiveVersion = 1;
	classes = {
	};
	objectVersion = 50;
	objects = {

/* Begin PBXBuildFile section */
		19F050B7238C526D00858EDC /* Mentor.swift in Sources */ = {isa = PBXBuildFile; fileRef = 19F050B6238C526D00858EDC /* Mentor.swift */; };
		19F050B9238C536300858EDC /* Pupil.swift in Sources */ = {isa = PBXBuildFile; fileRef = 19F050B8238C536300858EDC /* Pupil.swift */; };
		19F050BB238C538A00858EDC /* Tags.swift in Sources */ = {isa = PBXBuildFile; fileRef = 19F050BA238C538A00858EDC /* Tags.swift */; };
		19F050BD238C53A700858EDC /* Request.swift in Sources */ = {isa = PBXBuildFile; fileRef = 19F050BC238C53A700858EDC /* Request.swift */; };
		19F050BF238C56E600858EDC /* Goals.swift in Sources */ = {isa = PBXBuildFile; fileRef = 19F050BE238C56E600858EDC /* Goals.swift */; };
		19F050C1238C575F00858EDC /* Messaging.swift in Sources */ = {isa = PBXBuildFile; fileRef = 19F050C0238C575F00858EDC /* Messaging.swift */; };
		85AFB572238C449000CA9A62 /* AppDelegate.swift in Sources */ = {isa = PBXBuildFile; fileRef = 85AFB571238C449000CA9A62 /* AppDelegate.swift */; };
		85AFB574238C449000CA9A62 /* SceneDelegate.swift in Sources */ = {isa = PBXBuildFile; fileRef = 85AFB573238C449000CA9A62 /* SceneDelegate.swift */; };
		85AFB579238C449000CA9A62 /* Main.storyboard in Resources */ = {isa = PBXBuildFile; fileRef = 85AFB577238C449000CA9A62 /* Main.storyboard */; };
		85AFB57B238C449000CA9A62 /* Assets.xcassets in Resources */ = {isa = PBXBuildFile; fileRef = 85AFB57A238C449000CA9A62 /* Assets.xcassets */; };
		85AFB57E238C449000CA9A62 /* LaunchScreen.storyboard in Resources */ = {isa = PBXBuildFile; fileRef = 85AFB57C238C449000CA9A62 /* LaunchScreen.storyboard */; };
		85AFB58E238C4D0700CA9A62 /* LoginViewController.swift in Sources */ = {isa = PBXBuildFile; fileRef = 85AFB58D238C4D0700CA9A62 /* LoginViewController.swift */; };
		85AFB590238C4EB800CA9A62 /* CreateEditProfileViewController.swift in Sources */ = {isa = PBXBuildFile; fileRef = 85AFB58F238C4EB800CA9A62 /* CreateEditProfileViewController.swift */; };
		85AFB592238C4EEF00CA9A62 /* HomePageViewController.swift in Sources */ = {isa = PBXBuildFile; fileRef = 85AFB591238C4EEF00CA9A62 /* HomePageViewController.swift */; };
		85AFB594238C4F0100CA9A62 /* MentorProfileViewController.swift in Sources */ = {isa = PBXBuildFile; fileRef = 85AFB593238C4F0100CA9A62 /* MentorProfileViewController.swift */; };
		85AFB596238C4F2600CA9A62 /* GoalsHomeViewController.swift in Sources */ = {isa = PBXBuildFile; fileRef = 85AFB595238C4F2600CA9A62 /* GoalsHomeViewController.swift */; };
		85AFB598238C4F5800CA9A62 /* AddGoalsViewController.swift in Sources */ = {isa = PBXBuildFile; fileRef = 85AFB597238C4F5800CA9A62 /* AddGoalsViewController.swift */; };
		85AFB59B238C4FA300CA9A62 /* LongTermViewController.swift in Sources */ = {isa = PBXBuildFile; fileRef = 85AFB59A238C4FA300CA9A62 /* LongTermViewController.swift */; };
		85AFB59D238C4FB300CA9A62 /* DailyGoalsViewController.swift in Sources */ = {isa = PBXBuildFile; fileRef = 85AFB59C238C4FB300CA9A62 /* DailyGoalsViewController.swift */; };
		85AFB5A1238C504000CA9A62 /* SettingsViewController.swift in Sources */ = {isa = PBXBuildFile; fileRef = 85AFB5A0238C504000CA9A62 /* SettingsViewController.swift */; };
		85AFB5A3238C50B000CA9A62 /* PupilProfileViewController.swift in Sources */ = {isa = PBXBuildFile; fileRef = 85AFB5A2238C50B000CA9A62 /* PupilProfileViewController.swift */; };
		85AFB5A7238C512E00CA9A62 /* NotificationsViewController.swift in Sources */ = {isa = PBXBuildFile; fileRef = 85AFB5A6238C512E00CA9A62 /* NotificationsViewController.swift */; };
		85AFB5A9238C516000CA9A62 /* ContactUsViewController.swift in Sources */ = {isa = PBXBuildFile; fileRef = 85AFB5A8238C516000CA9A62 /* ContactUsViewController.swift */; };
		85AFB5AD238C520300CA9A62 /* MessagingHomeViewController.swift in Sources */ = {isa = PBXBuildFile; fileRef = 85AFB5AC238C520300CA9A62 /* MessagingHomeViewController.swift */; };
		85AFB5AF238C521400CA9A62 /* MessagingScreenViewController.swift in Sources */ = {isa = PBXBuildFile; fileRef = 85AFB5AE238C521400CA9A62 /* MessagingScreenViewController.swift */; };
		85AFB5B1238C524C00CA9A62 /* MentorRequestsViewController.swift in Sources */ = {isa = PBXBuildFile; fileRef = 85AFB5B0238C524C00CA9A62 /* MentorRequestsViewController.swift */; };
		85AFB5B3238C528000CA9A62 /* MentorsPupilsViewController.swift in Sources */ = {isa = PBXBuildFile; fileRef = 85AFB5B2238C528000CA9A62 /* MentorsPupilsViewController.swift */; };
		E80816A9238DA2F600C35B9F /* GuidedTourOneViewController.swift in Sources */ = {isa = PBXBuildFile; fileRef = E80816A8238DA2F600C35B9F /* GuidedTourOneViewController.swift */; };
		E80816AB238DA30800C35B9F /* GuidedTourTwoViewController.swift in Sources */ = {isa = PBXBuildFile; fileRef = E80816AA238DA30800C35B9F /* GuidedTourTwoViewController.swift */; };
		E80816AD238DA31200C35B9F /* GuidedTourThreeViewController.swift in Sources */ = {isa = PBXBuildFile; fileRef = E80816AC238DA31200C35B9F /* GuidedTourThreeViewController.swift */; };
		E80816AF238DA31D00C35B9F /* GuidedTourFourViewController.swift in Sources */ = {isa = PBXBuildFile; fileRef = E80816AE238DA31D00C35B9F /* GuidedTourFourViewController.swift */; };
		E80816B2238DA4DE00C35B9F /* HomepagePupilMentors.storyboard in Resources */ = {isa = PBXBuildFile; fileRef = E80816B1238DA4DE00C35B9F /* HomepagePupilMentors.storyboard */; };
		E8D228D2238C963100CC2A84 /* PupilCreation.storyboard in Resources */ = {isa = PBXBuildFile; fileRef = E8D228D1238C963100CC2A84 /* PupilCreation.storyboard */; };
		E8D228D4238C9A7A00CC2A84 /* MentorCreation.storyboard in Resources */ = {isa = PBXBuildFile; fileRef = E8D228D3238C9A7A00CC2A84 /* MentorCreation.storyboard */; };
		E8D228D8238C9BC400CC2A84 /* GuidedTour.storyboard in Resources */ = {isa = PBXBuildFile; fileRef = E8D228D7238C9BC400CC2A84 /* GuidedTour.storyboard */; };
/* End PBXBuildFile section */

/* Begin PBXFileReference section */
		19F050B6238C526D00858EDC /* Mentor.swift */ = {isa = PBXFileReference; lastKnownFileType = sourcecode.swift; path = Mentor.swift; sourceTree = SOURCE_ROOT; };
		19F050B8238C536300858EDC /* Pupil.swift */ = {isa = PBXFileReference; lastKnownFileType = sourcecode.swift; path = Pupil.swift; sourceTree = SOURCE_ROOT; };
		19F050BA238C538A00858EDC /* Tags.swift */ = {isa = PBXFileReference; lastKnownFileType = sourcecode.swift; path = Tags.swift; sourceTree = SOURCE_ROOT; };
		19F050BC238C53A700858EDC /* Request.swift */ = {isa = PBXFileReference; lastKnownFileType = sourcecode.swift; path = Request.swift; sourceTree = SOURCE_ROOT; };
		19F050BE238C56E600858EDC /* Goals.swift */ = {isa = PBXFileReference; lastKnownFileType = sourcecode.swift; path = Goals.swift; sourceTree = SOURCE_ROOT; };
		19F050C0238C575F00858EDC /* Messaging.swift */ = {isa = PBXFileReference; lastKnownFileType = sourcecode.swift; path = Messaging.swift; sourceTree = SOURCE_ROOT; };
		85AFB56E238C449000CA9A62 /* Sprout.app */ = {isa = PBXFileReference; explicitFileType = wrapper.application; includeInIndex = 0; path = Sprout.app; sourceTree = BUILT_PRODUCTS_DIR; };
		85AFB571238C449000CA9A62 /* AppDelegate.swift */ = {isa = PBXFileReference; lastKnownFileType = sourcecode.swift; path = AppDelegate.swift; sourceTree = "<group>"; };
		85AFB573238C449000CA9A62 /* SceneDelegate.swift */ = {isa = PBXFileReference; lastKnownFileType = sourcecode.swift; path = SceneDelegate.swift; sourceTree = "<group>"; };
		85AFB578238C449000CA9A62 /* Base */ = {isa = PBXFileReference; lastKnownFileType = file.storyboard; name = Base; path = Base.lproj/Main.storyboard; sourceTree = "<group>"; };
		85AFB57A238C449000CA9A62 /* Assets.xcassets */ = {isa = PBXFileReference; lastKnownFileType = folder.assetcatalog; path = Assets.xcassets; sourceTree = "<group>"; };
		85AFB57D238C449000CA9A62 /* Base */ = {isa = PBXFileReference; lastKnownFileType = file.storyboard; name = Base; path = Base.lproj/LaunchScreen.storyboard; sourceTree = "<group>"; };
		85AFB57F238C449000CA9A62 /* Info.plist */ = {isa = PBXFileReference; lastKnownFileType = text.plist.xml; path = Info.plist; sourceTree = "<group>"; };
		85AFB58D238C4D0700CA9A62 /* LoginViewController.swift */ = {isa = PBXFileReference; lastKnownFileType = sourcecode.swift; path = LoginViewController.swift; sourceTree = "<group>"; };
		85AFB58F238C4EB800CA9A62 /* CreateEditProfileViewController.swift */ = {isa = PBXFileReference; lastKnownFileType = sourcecode.swift; path = CreateEditProfileViewController.swift; sourceTree = "<group>"; };
		85AFB591238C4EEF00CA9A62 /* HomePageViewController.swift */ = {isa = PBXFileReference; lastKnownFileType = sourcecode.swift; path = HomePageViewController.swift; sourceTree = "<group>"; };
		85AFB593238C4F0100CA9A62 /* MentorProfileViewController.swift */ = {isa = PBXFileReference; lastKnownFileType = sourcecode.swift; path = MentorProfileViewController.swift; sourceTree = "<group>"; };
		85AFB595238C4F2600CA9A62 /* GoalsHomeViewController.swift */ = {isa = PBXFileReference; lastKnownFileType = sourcecode.swift; path = GoalsHomeViewController.swift; sourceTree = "<group>"; };
		85AFB597238C4F5800CA9A62 /* AddGoalsViewController.swift */ = {isa = PBXFileReference; lastKnownFileType = sourcecode.swift; path = AddGoalsViewController.swift; sourceTree = "<group>"; };
		85AFB59A238C4FA300CA9A62 /* LongTermViewController.swift */ = {isa = PBXFileReference; lastKnownFileType = sourcecode.swift; path = LongTermViewController.swift; sourceTree = "<group>"; };
		85AFB59C238C4FB300CA9A62 /* DailyGoalsViewController.swift */ = {isa = PBXFileReference; lastKnownFileType = sourcecode.swift; path = DailyGoalsViewController.swift; sourceTree = "<group>"; };
		85AFB5A0238C504000CA9A62 /* SettingsViewController.swift */ = {isa = PBXFileReference; lastKnownFileType = sourcecode.swift; path = SettingsViewController.swift; sourceTree = "<group>"; };
		85AFB5A2238C50B000CA9A62 /* PupilProfileViewController.swift */ = {isa = PBXFileReference; lastKnownFileType = sourcecode.swift; path = PupilProfileViewController.swift; sourceTree = "<group>"; };
		85AFB5A6238C512E00CA9A62 /* NotificationsViewController.swift */ = {isa = PBXFileReference; lastKnownFileType = sourcecode.swift; path = NotificationsViewController.swift; sourceTree = "<group>"; };
		85AFB5A8238C516000CA9A62 /* ContactUsViewController.swift */ = {isa = PBXFileReference; lastKnownFileType = sourcecode.swift; path = ContactUsViewController.swift; sourceTree = "<group>"; };
		85AFB5AC238C520300CA9A62 /* MessagingHomeViewController.swift */ = {isa = PBXFileReference; lastKnownFileType = sourcecode.swift; path = MessagingHomeViewController.swift; sourceTree = "<group>"; };
		85AFB5AE238C521400CA9A62 /* MessagingScreenViewController.swift */ = {isa = PBXFileReference; lastKnownFileType = sourcecode.swift; path = MessagingScreenViewController.swift; sourceTree = "<group>"; };
		85AFB5B0238C524C00CA9A62 /* MentorRequestsViewController.swift */ = {isa = PBXFileReference; lastKnownFileType = sourcecode.swift; path = MentorRequestsViewController.swift; sourceTree = "<group>"; };
		85AFB5B2238C528000CA9A62 /* MentorsPupilsViewController.swift */ = {isa = PBXFileReference; lastKnownFileType = sourcecode.swift; path = MentorsPupilsViewController.swift; sourceTree = "<group>"; };
		E80816A8238DA2F600C35B9F /* GuidedTourOneViewController.swift */ = {isa = PBXFileReference; lastKnownFileType = sourcecode.swift; path = GuidedTourOneViewController.swift; sourceTree = "<group>"; };
		E80816AA238DA30800C35B9F /* GuidedTourTwoViewController.swift */ = {isa = PBXFileReference; lastKnownFileType = sourcecode.swift; path = GuidedTourTwoViewController.swift; sourceTree = "<group>"; };
		E80816AC238DA31200C35B9F /* GuidedTourThreeViewController.swift */ = {isa = PBXFileReference; lastKnownFileType = sourcecode.swift; path = GuidedTourThreeViewController.swift; sourceTree = "<group>"; };
		E80816AE238DA31D00C35B9F /* GuidedTourFourViewController.swift */ = {isa = PBXFileReference; lastKnownFileType = sourcecode.swift; path = GuidedTourFourViewController.swift; sourceTree = "<group>"; };
		E80816B1238DA4DE00C35B9F /* HomepagePupilMentors.storyboard */ = {isa = PBXFileReference; lastKnownFileType = file.storyboard; path = HomepagePupilMentors.storyboard; sourceTree = "<group>"; };
		E8D228D1238C963100CC2A84 /* PupilCreation.storyboard */ = {isa = PBXFileReference; lastKnownFileType = file.storyboard; path = PupilCreation.storyboard; sourceTree = "<group>"; };
		E8D228D3238C9A7A00CC2A84 /* MentorCreation.storyboard */ = {isa = PBXFileReference; lastKnownFileType = file.storyboard; path = MentorCreation.storyboard; sourceTree = "<group>"; };
		E8D228D7238C9BC400CC2A84 /* GuidedTour.storyboard */ = {isa = PBXFileReference; lastKnownFileType = file.storyboard; path = GuidedTour.storyboard; sourceTree = "<group>"; };
/* End PBXFileReference section */

/* Begin PBXFrameworksBuildPhase section */
		85AFB56B238C449000CA9A62 /* Frameworks */ = {
			isa = PBXFrameworksBuildPhase;
			buildActionMask = 2147483647;
			files = (
			);
			runOnlyForDeploymentPostprocessing = 0;
		};
/* End PBXFrameworksBuildPhase section */

/* Begin PBXGroup section */
		85AFB565238C449000CA9A62 = {
			isa = PBXGroup;
			children = (
				85AFB570238C449000CA9A62 /* Sprout */,
				85AFB56F238C449000CA9A62 /* Products */,
			);
			sourceTree = "<group>";
		};
		85AFB56F238C449000CA9A62 /* Products */ = {
			isa = PBXGroup;
			children = (
				85AFB56E238C449000CA9A62 /* Sprout.app */,
			);
			name = Products;
			sourceTree = "<group>";
		};
		85AFB570238C449000CA9A62 /* Sprout */ = {
			isa = PBXGroup;
			children = (
				85AFB588238C44ED00CA9A62 /* Models */,
				85AFB587238C44E500CA9A62 /* Controllers */,
				85AFB586238C44DB00CA9A62 /* Views */,
				E8D228CE238C611500CC2A84 /* UI */,
				85AFB58B238C451500CA9A62 /* Helpers */,
				85AFB585238C44CA00CA9A62 /* Resources */,
			);
			path = Sprout;
			sourceTree = "<group>";
		};
		85AFB585238C44CA00CA9A62 /* Resources */ = {
			isa = PBXGroup;
			children = (
				85AFB571238C449000CA9A62 /* AppDelegate.swift */,
				85AFB573238C449000CA9A62 /* SceneDelegate.swift */,
				85AFB57A238C449000CA9A62 /* Assets.xcassets */,
				85AFB57C238C449000CA9A62 /* LaunchScreen.storyboard */,
				85AFB57F238C449000CA9A62 /* Info.plist */,
			);
			path = Resources;
			sourceTree = "<group>";
		};
		85AFB586238C44DB00CA9A62 /* Views */ = {
			isa = PBXGroup;
			children = (
				85AFB589238C44FB00CA9A62 /* Model View Controllers */,
			);
			path = Views;
			sourceTree = "<group>";
		};
		85AFB587238C44E500CA9A62 /* Controllers */ = {
			isa = PBXGroup;
			children = (
			);
			path = Controllers;
			sourceTree = "<group>";
		};
		85AFB588238C44ED00CA9A62 /* Models */ = {
			isa = PBXGroup;
			children = (
				19F050B6238C526D00858EDC /* Mentor.swift */,
				19F050B8238C536300858EDC /* Pupil.swift */,
				19F050BA238C538A00858EDC /* Tags.swift */,
				19F050BC238C53A700858EDC /* Request.swift */,
				19F050BE238C56E600858EDC /* Goals.swift */,
				19F050C0238C575F00858EDC /* Messaging.swift */,
			);
			path = Models;
			sourceTree = "<group>";
		};
		85AFB589238C44FB00CA9A62 /* Model View Controllers */ = {
			isa = PBXGroup;
			children = (
				85AFB58A238C450100CA9A62 /* View Controllers */,
			);
			path = "Model View Controllers";
			sourceTree = "<group>";
		};
		85AFB58A238C450100CA9A62 /* View Controllers */ = {
			isa = PBXGroup;
			children = (
				E80816A7238DA2CE00C35B9F /* Guided tour Controllers */,
				85AFB58D238C4D0700CA9A62 /* LoginViewController.swift */,
				85AFB58F238C4EB800CA9A62 /* CreateEditProfileViewController.swift */,
				85AFB591238C4EEF00CA9A62 /* HomePageViewController.swift */,
				85AFB5A6238C512E00CA9A62 /* NotificationsViewController.swift */,
				85AFB5AB238C519A00CA9A62 /* Messaging View Controllers */,
				85AFB5AA238C516F00CA9A62 /* Settings View Controller */,
				85AFB59E238C4FEF00CA9A62 /* Mentor View Controller */,
				85AFB599238C4F8300CA9A62 /* Goals View Controllers */,
				85AFB59F238C4FFB00CA9A62 /* Pupil View Controller */,
			);
			path = "View Controllers";
			sourceTree = "<group>";
		};
		85AFB58B238C451500CA9A62 /* Helpers */ = {
			isa = PBXGroup;
			children = (
			);
			path = Helpers;
			sourceTree = "<group>";
		};
		85AFB599238C4F8300CA9A62 /* Goals View Controllers */ = {
			isa = PBXGroup;
			children = (
				85AFB595238C4F2600CA9A62 /* GoalsHomeViewController.swift */,
				85AFB597238C4F5800CA9A62 /* AddGoalsViewController.swift */,
				85AFB59A238C4FA300CA9A62 /* LongTermViewController.swift */,
				85AFB59C238C4FB300CA9A62 /* DailyGoalsViewController.swift */,
			);
			path = "Goals View Controllers";
			sourceTree = "<group>";
		};
		85AFB59E238C4FEF00CA9A62 /* Mentor View Controller */ = {
			isa = PBXGroup;
			children = (
				85AFB593238C4F0100CA9A62 /* MentorProfileViewController.swift */,
				85AFB5B0238C524C00CA9A62 /* MentorRequestsViewController.swift */,
				85AFB5B2238C528000CA9A62 /* MentorsPupilsViewController.swift */,
			);
			path = "Mentor View Controller";
			sourceTree = "<group>";
		};
		85AFB59F238C4FFB00CA9A62 /* Pupil View Controller */ = {
			isa = PBXGroup;
			children = (
				85AFB5A2238C50B000CA9A62 /* PupilProfileViewController.swift */,
			);
			path = "Pupil View Controller";
			sourceTree = "<group>";
		};
		85AFB5AA238C516F00CA9A62 /* Settings View Controller */ = {
			isa = PBXGroup;
			children = (
				85AFB5A0238C504000CA9A62 /* SettingsViewController.swift */,
				85AFB5A8238C516000CA9A62 /* ContactUsViewController.swift */,
			);
			path = "Settings View Controller";
			sourceTree = "<group>";
		};
		85AFB5AB238C519A00CA9A62 /* Messaging View Controllers */ = {
			isa = PBXGroup;
			children = (
				85AFB5AC238C520300CA9A62 /* MessagingHomeViewController.swift */,
				85AFB5AE238C521400CA9A62 /* MessagingScreenViewController.swift */,
			);
			path = "Messaging View Controllers";
			sourceTree = "<group>";
		};
		E80816A7238DA2CE00C35B9F /* Guided tour Controllers */ = {
			isa = PBXGroup;
			children = (
				E80816A8238DA2F600C35B9F /* GuidedTourOneViewController.swift */,
				E80816AA238DA30800C35B9F /* GuidedTourTwoViewController.swift */,
				E80816AC238DA31200C35B9F /* GuidedTourThreeViewController.swift */,
				E80816AE238DA31D00C35B9F /* GuidedTourFourViewController.swift */,
			);
			path = "Guided tour Controllers";
			sourceTree = "<group>";
		};
		E80816B0238DA49F00C35B9F /* Homepage Pupil */ = {
			isa = PBXGroup;
			children = (
				E80816B1238DA4DE00C35B9F /* HomepagePupilMentors.storyboard */,
			);
			path = "Homepage Pupil";
			sourceTree = "<group>";
		};
		E8D228CE238C611500CC2A84 /* UI */ = {
			isa = PBXGroup;
			children = (
				E8D228CF238C612500CC2A84 /* Storyboards */,
			);
			path = UI;
			sourceTree = "<group>";
		};
		E8D228CF238C612500CC2A84 /* Storyboards */ = {
			isa = PBXGroup;
			children = (
				85AFB577238C449000CA9A62 /* Main.storyboard */,
				E8D228D0238C961C00CC2A84 /* Create A Profile */,
				E8D228D6238C9B7900CC2A84 /* Guided Tour */,
				E80816B0238DA49F00C35B9F /* Homepage Pupil */,
			);
			path = Storyboards;
			sourceTree = "<group>";
		};
		E8D228D0238C961C00CC2A84 /* Create A Profile */ = {
			isa = PBXGroup;
			children = (
				E8D228D1238C963100CC2A84 /* PupilCreation.storyboard */,
				E8D228D3238C9A7A00CC2A84 /* MentorCreation.storyboard */,
			);
			path = "Create A Profile";
			sourceTree = "<group>";
		};
		E8D228D6238C9B7900CC2A84 /* Guided Tour */ = {
			isa = PBXGroup;
			children = (
				E8D228D7238C9BC400CC2A84 /* GuidedTour.storyboard */,
			);
			path = "Guided Tour";
			sourceTree = "<group>";
		};
/* End PBXGroup section */

/* Begin PBXNativeTarget section */
		85AFB56D238C449000CA9A62 /* Sprout */ = {
			isa = PBXNativeTarget;
			buildConfigurationList = 85AFB582238C449000CA9A62 /* Build configuration list for PBXNativeTarget "Sprout" */;
			buildPhases = (
				85AFB56A238C449000CA9A62 /* Sources */,
				85AFB56B238C449000CA9A62 /* Frameworks */,
				85AFB56C238C449000CA9A62 /* Resources */,
			);
			buildRules = (
			);
			dependencies = (
			);
			name = Sprout;
			productName = Sprout;
			productReference = 85AFB56E238C449000CA9A62 /* Sprout.app */;
			productType = "com.apple.product-type.application";
		};
/* End PBXNativeTarget section */

/* Begin PBXProject section */
		85AFB566238C449000CA9A62 /* Project object */ = {
			isa = PBXProject;
			attributes = {
				LastSwiftUpdateCheck = 1120;
				LastUpgradeCheck = 1120;
				ORGANIZATIONNAME = "Zebadiah Watson";
				TargetAttributes = {
					85AFB56D238C449000CA9A62 = {
						CreatedOnToolsVersion = 11.2.1;
					};
				};
			};
			buildConfigurationList = 85AFB569238C449000CA9A62 /* Build configuration list for PBXProject "Sprout" */;
			compatibilityVersion = "Xcode 9.3";
			developmentRegion = en;
			hasScannedForEncodings = 0;
			knownRegions = (
				en,
				Base,
			);
			mainGroup = 85AFB565238C449000CA9A62;
			productRefGroup = 85AFB56F238C449000CA9A62 /* Products */;
			projectDirPath = "";
			projectRoot = "";
			targets = (
				85AFB56D238C449000CA9A62 /* Sprout */,
			);
		};
/* End PBXProject section */

/* Begin PBXResourcesBuildPhase section */
		85AFB56C238C449000CA9A62 /* Resources */ = {
			isa = PBXResourcesBuildPhase;
			buildActionMask = 2147483647;
			files = (
				E80816B2238DA4DE00C35B9F /* HomepagePupilMentors.storyboard in Resources */,
				85AFB57E238C449000CA9A62 /* LaunchScreen.storyboard in Resources */,
				E8D228D4238C9A7A00CC2A84 /* MentorCreation.storyboard in Resources */,
				E8D228D8238C9BC400CC2A84 /* GuidedTour.storyboard in Resources */,
				85AFB57B238C449000CA9A62 /* Assets.xcassets in Resources */,
				E8D228D2238C963100CC2A84 /* PupilCreation.storyboard in Resources */,
				85AFB579238C449000CA9A62 /* Main.storyboard in Resources */,
			);
			runOnlyForDeploymentPostprocessing = 0;
		};
/* End PBXResourcesBuildPhase section */

/* Begin PBXSourcesBuildPhase section */
		85AFB56A238C449000CA9A62 /* Sources */ = {
			isa = PBXSourcesBuildPhase;
			buildActionMask = 2147483647;
			files = (
				19F050C1238C575F00858EDC /* Messaging.swift in Sources */,
				19F050BF238C56E600858EDC /* Goals.swift in Sources */,
				19F050B9238C536300858EDC /* Pupil.swift in Sources */,
				E80816AF238DA31D00C35B9F /* GuidedTourFourViewController.swift in Sources */,
				19F050BD238C53A700858EDC /* Request.swift in Sources */,
				19F050B7238C526D00858EDC /* Mentor.swift in Sources */,
				85AFB572238C449000CA9A62 /* AppDelegate.swift in Sources */,
				19F050BB238C538A00858EDC /* Tags.swift in Sources */,
				85AFB5AD238C520300CA9A62 /* MessagingHomeViewController.swift in Sources */,
				85AFB59B238C4FA300CA9A62 /* LongTermViewController.swift in Sources */,
				85AFB59D238C4FB300CA9A62 /* DailyGoalsViewController.swift in Sources */,
				85AFB5B1238C524C00CA9A62 /* MentorRequestsViewController.swift in Sources */,
				85AFB5B3238C528000CA9A62 /* MentorsPupilsViewController.swift in Sources */,
				85AFB5AF238C521400CA9A62 /* MessagingScreenViewController.swift in Sources */,
				85AFB5A1238C504000CA9A62 /* SettingsViewController.swift in Sources */,
				E80816AB238DA30800C35B9F /* GuidedTourTwoViewController.swift in Sources */,
				85AFB5A7238C512E00CA9A62 /* NotificationsViewController.swift in Sources */,
				85AFB58E238C4D0700CA9A62 /* LoginViewController.swift in Sources */,
				85AFB572238C449000CA9A62 /* AppDelegate.swift in Sources */,
				85AFB590238C4EB800CA9A62 /* CreateEditProfileViewController.swift in Sources */,
				85AFB594238C4F0100CA9A62 /* MentorProfileViewController.swift in Sources */,
				85AFB592238C4EEF00CA9A62 /* HomePageViewController.swift in Sources */,
				E80816AD238DA31200C35B9F /* GuidedTourThreeViewController.swift in Sources */,
				85AFB5A9238C516000CA9A62 /* ContactUsViewController.swift in Sources */,
				85AFB598238C4F5800CA9A62 /* AddGoalsViewController.swift in Sources */,
				85AFB574238C449000CA9A62 /* SceneDelegate.swift in Sources */,
				85AFB5A3238C50B000CA9A62 /* PupilProfileViewController.swift in Sources */,
				85AFB596238C4F2600CA9A62 /* GoalsHomeViewController.swift in Sources */,
				E80816A9238DA2F600C35B9F /* GuidedTourOneViewController.swift in Sources */,
			);
			runOnlyForDeploymentPostprocessing = 0;
		};
/* End PBXSourcesBuildPhase section */

/* Begin PBXVariantGroup section */
		85AFB577238C449000CA9A62 /* Main.storyboard */ = {
			isa = PBXVariantGroup;
			children = (
				85AFB578238C449000CA9A62 /* Base */,
			);
			name = Main.storyboard;
			sourceTree = "<group>";
		};
		85AFB57C238C449000CA9A62 /* LaunchScreen.storyboard */ = {
			isa = PBXVariantGroup;
			children = (
				85AFB57D238C449000CA9A62 /* Base */,
			);
			name = LaunchScreen.storyboard;
			sourceTree = "<group>";
		};
/* End PBXVariantGroup section */

/* Begin XCBuildConfiguration section */
		85AFB580238C449000CA9A62 /* Debug */ = {
			isa = XCBuildConfiguration;
			buildSettings = {
				ALWAYS_SEARCH_USER_PATHS = NO;
				CLANG_ANALYZER_NONNULL = YES;
				CLANG_ANALYZER_NUMBER_OBJECT_CONVERSION = YES_AGGRESSIVE;
				CLANG_CXX_LANGUAGE_STANDARD = "gnu++14";
				CLANG_CXX_LIBRARY = "libc++";
				CLANG_ENABLE_MODULES = YES;
				CLANG_ENABLE_OBJC_ARC = YES;
				CLANG_ENABLE_OBJC_WEAK = YES;
				CLANG_WARN_BLOCK_CAPTURE_AUTORELEASING = YES;
				CLANG_WARN_BOOL_CONVERSION = YES;
				CLANG_WARN_COMMA = YES;
				CLANG_WARN_CONSTANT_CONVERSION = YES;
				CLANG_WARN_DEPRECATED_OBJC_IMPLEMENTATIONS = YES;
				CLANG_WARN_DIRECT_OBJC_ISA_USAGE = YES_ERROR;
				CLANG_WARN_DOCUMENTATION_COMMENTS = YES;
				CLANG_WARN_EMPTY_BODY = YES;
				CLANG_WARN_ENUM_CONVERSION = YES;
				CLANG_WARN_INFINITE_RECURSION = YES;
				CLANG_WARN_INT_CONVERSION = YES;
				CLANG_WARN_NON_LITERAL_NULL_CONVERSION = YES;
				CLANG_WARN_OBJC_IMPLICIT_RETAIN_SELF = YES;
				CLANG_WARN_OBJC_LITERAL_CONVERSION = YES;
				CLANG_WARN_OBJC_ROOT_CLASS = YES_ERROR;
				CLANG_WARN_RANGE_LOOP_ANALYSIS = YES;
				CLANG_WARN_STRICT_PROTOTYPES = YES;
				CLANG_WARN_SUSPICIOUS_MOVE = YES;
				CLANG_WARN_UNGUARDED_AVAILABILITY = YES_AGGRESSIVE;
				CLANG_WARN_UNREACHABLE_CODE = YES;
				CLANG_WARN__DUPLICATE_METHOD_MATCH = YES;
				COPY_PHASE_STRIP = NO;
				DEBUG_INFORMATION_FORMAT = dwarf;
				ENABLE_STRICT_OBJC_MSGSEND = YES;
				ENABLE_TESTABILITY = YES;
				GCC_C_LANGUAGE_STANDARD = gnu11;
				GCC_DYNAMIC_NO_PIC = NO;
				GCC_NO_COMMON_BLOCKS = YES;
				GCC_OPTIMIZATION_LEVEL = 0;
				GCC_PREPROCESSOR_DEFINITIONS = (
					"DEBUG=1",
					"$(inherited)",
				);
				GCC_WARN_64_TO_32_BIT_CONVERSION = YES;
				GCC_WARN_ABOUT_RETURN_TYPE = YES_ERROR;
				GCC_WARN_UNDECLARED_SELECTOR = YES;
				GCC_WARN_UNINITIALIZED_AUTOS = YES_AGGRESSIVE;
				GCC_WARN_UNUSED_FUNCTION = YES;
				GCC_WARN_UNUSED_VARIABLE = YES;
				IPHONEOS_DEPLOYMENT_TARGET = 13.2;
				MTL_ENABLE_DEBUG_INFO = INCLUDE_SOURCE;
				MTL_FAST_MATH = YES;
				ONLY_ACTIVE_ARCH = YES;
				SDKROOT = iphoneos;
				SWIFT_ACTIVE_COMPILATION_CONDITIONS = DEBUG;
				SWIFT_OPTIMIZATION_LEVEL = "-Onone";
			};
			name = Debug;
		};
		85AFB581238C449000CA9A62 /* Release */ = {
			isa = XCBuildConfiguration;
			buildSettings = {
				ALWAYS_SEARCH_USER_PATHS = NO;
				CLANG_ANALYZER_NONNULL = YES;
				CLANG_ANALYZER_NUMBER_OBJECT_CONVERSION = YES_AGGRESSIVE;
				CLANG_CXX_LANGUAGE_STANDARD = "gnu++14";
				CLANG_CXX_LIBRARY = "libc++";
				CLANG_ENABLE_MODULES = YES;
				CLANG_ENABLE_OBJC_ARC = YES;
				CLANG_ENABLE_OBJC_WEAK = YES;
				CLANG_WARN_BLOCK_CAPTURE_AUTORELEASING = YES;
				CLANG_WARN_BOOL_CONVERSION = YES;
				CLANG_WARN_COMMA = YES;
				CLANG_WARN_CONSTANT_CONVERSION = YES;
				CLANG_WARN_DEPRECATED_OBJC_IMPLEMENTATIONS = YES;
				CLANG_WARN_DIRECT_OBJC_ISA_USAGE = YES_ERROR;
				CLANG_WARN_DOCUMENTATION_COMMENTS = YES;
				CLANG_WARN_EMPTY_BODY = YES;
				CLANG_WARN_ENUM_CONVERSION = YES;
				CLANG_WARN_INFINITE_RECURSION = YES;
				CLANG_WARN_INT_CONVERSION = YES;
				CLANG_WARN_NON_LITERAL_NULL_CONVERSION = YES;
				CLANG_WARN_OBJC_IMPLICIT_RETAIN_SELF = YES;
				CLANG_WARN_OBJC_LITERAL_CONVERSION = YES;
				CLANG_WARN_OBJC_ROOT_CLASS = YES_ERROR;
				CLANG_WARN_RANGE_LOOP_ANALYSIS = YES;
				CLANG_WARN_STRICT_PROTOTYPES = YES;
				CLANG_WARN_SUSPICIOUS_MOVE = YES;
				CLANG_WARN_UNGUARDED_AVAILABILITY = YES_AGGRESSIVE;
				CLANG_WARN_UNREACHABLE_CODE = YES;
				CLANG_WARN__DUPLICATE_METHOD_MATCH = YES;
				COPY_PHASE_STRIP = NO;
				DEBUG_INFORMATION_FORMAT = "dwarf-with-dsym";
				ENABLE_NS_ASSERTIONS = NO;
				ENABLE_STRICT_OBJC_MSGSEND = YES;
				GCC_C_LANGUAGE_STANDARD = gnu11;
				GCC_NO_COMMON_BLOCKS = YES;
				GCC_WARN_64_TO_32_BIT_CONVERSION = YES;
				GCC_WARN_ABOUT_RETURN_TYPE = YES_ERROR;
				GCC_WARN_UNDECLARED_SELECTOR = YES;
				GCC_WARN_UNINITIALIZED_AUTOS = YES_AGGRESSIVE;
				GCC_WARN_UNUSED_FUNCTION = YES;
				GCC_WARN_UNUSED_VARIABLE = YES;
				IPHONEOS_DEPLOYMENT_TARGET = 13.2;
				MTL_ENABLE_DEBUG_INFO = NO;
				MTL_FAST_MATH = YES;
				SDKROOT = iphoneos;
				SWIFT_COMPILATION_MODE = wholemodule;
				SWIFT_OPTIMIZATION_LEVEL = "-O";
				VALIDATE_PRODUCT = YES;
			};
			name = Release;
		};
		85AFB583238C449000CA9A62 /* Debug */ = {
			isa = XCBuildConfiguration;
			buildSettings = {
				ASSETCATALOG_COMPILER_APPICON_NAME = AppIcon;
				CODE_SIGN_STYLE = Automatic;
				DEVELOPMENT_TEAM = GQHR9QPNK6;
				INFOPLIST_FILE = Sprout/Info.plist;
				LD_RUNPATH_SEARCH_PATHS = (
					"$(inherited)",
					"@executable_path/Frameworks",
				);
				PRODUCT_BUNDLE_IDENTIFIER = me.Sprout;
				PRODUCT_NAME = "$(TARGET_NAME)";
				SWIFT_VERSION = 5.0;
				TARGETED_DEVICE_FAMILY = "1,2";
			};
			name = Debug;
		};
		85AFB584238C449000CA9A62 /* Release */ = {
			isa = XCBuildConfiguration;
			buildSettings = {
				ASSETCATALOG_COMPILER_APPICON_NAME = AppIcon;
				CODE_SIGN_STYLE = Automatic;
				DEVELOPMENT_TEAM = GQHR9QPNK6;
				INFOPLIST_FILE = Sprout/Info.plist;
				LD_RUNPATH_SEARCH_PATHS = (
					"$(inherited)",
					"@executable_path/Frameworks",
				);
				PRODUCT_BUNDLE_IDENTIFIER = me.Sprout;
				PRODUCT_NAME = "$(TARGET_NAME)";
				SWIFT_VERSION = 5.0;
				TARGETED_DEVICE_FAMILY = "1,2";
			};
			name = Release;
		};
/* End XCBuildConfiguration section */

/* Begin XCConfigurationList section */
		85AFB569238C449000CA9A62 /* Build configuration list for PBXProject "Sprout" */ = {
			isa = XCConfigurationList;
			buildConfigurations = (
				85AFB580238C449000CA9A62 /* Debug */,
				85AFB581238C449000CA9A62 /* Release */,
			);
			defaultConfigurationIsVisible = 0;
			defaultConfigurationName = Release;
		};
		85AFB582238C449000CA9A62 /* Build configuration list for PBXNativeTarget "Sprout" */ = {
			isa = XCConfigurationList;
			buildConfigurations = (
				85AFB583238C449000CA9A62 /* Debug */,
				85AFB584238C449000CA9A62 /* Release */,
			);
			defaultConfigurationIsVisible = 0;
			defaultConfigurationName = Release;
		};
/* End XCConfigurationList section */
	};
	rootObject = 85AFB566238C449000CA9A62 /* Project object */;
}
